// !$*UTF8*$!
{
	archiveVersion = 1;
	classes = {
	};
	objectVersion = 46;
	objects = {

/* Begin PBXBuildFile section */
		760D0BCE1F1EA3AC00EFDCEC /* extensions.swift in Sources */ = {isa = PBXBuildFile; fileRef = 760D0BCD1F1EA3AC00EFDCEC /* extensions.swift */; };
		761F9F851F13F8D900883743 /* AppDelegate.swift in Sources */ = {isa = PBXBuildFile; fileRef = 761F9F841F13F8D900883743 /* AppDelegate.swift */; };
		761F9F871F13F8D900883743 /* ViewController.swift in Sources */ = {isa = PBXBuildFile; fileRef = 761F9F861F13F8D900883743 /* ViewController.swift */; };
		761F9F8A1F13F8D900883743 /* Main.storyboard in Resources */ = {isa = PBXBuildFile; fileRef = 761F9F881F13F8D900883743 /* Main.storyboard */; };
		761F9F8C1F13F8D900883743 /* Assets.xcassets in Resources */ = {isa = PBXBuildFile; fileRef = 761F9F8B1F13F8D900883743 /* Assets.xcassets */; };
		761F9F8F1F13F8D900883743 /* LaunchScreen.storyboard in Resources */ = {isa = PBXBuildFile; fileRef = 761F9F8D1F13F8D900883743 /* LaunchScreen.storyboard */; };
/* End PBXBuildFile section */

/* Begin PBXFileReference section */
		760D0BCD1F1EA3AC00EFDCEC /* extensions.swift */ = {isa = PBXFileReference; fileEncoding = 4; lastKnownFileType = sourcecode.swift; path = extensions.swift; sourceTree = "<group>"; };
		761F9F811F13F8D900883743 /* playStudiosPrototype.app */ = {isa = PBXFileReference; explicitFileType = wrapper.application; includeInIndex = 0; path = playStudiosPrototype.app; sourceTree = BUILT_PRODUCTS_DIR; };
		761F9F841F13F8D900883743 /* AppDelegate.swift */ = {isa = PBXFileReference; lastKnownFileType = sourcecode.swift; path = AppDelegate.swift; sourceTree = "<group>"; };
		761F9F861F13F8D900883743 /* ViewController.swift */ = {isa = PBXFileReference; lastKnownFileType = sourcecode.swift; path = ViewController.swift; sourceTree = "<group>"; };
		761F9F891F13F8D900883743 /* Base */ = {isa = PBXFileReference; lastKnownFileType = file.storyboard; name = Base; path = Base.lproj/Main.storyboard; sourceTree = "<group>"; };
		761F9F8B1F13F8D900883743 /* Assets.xcassets */ = {isa = PBXFileReference; lastKnownFileType = folder.assetcatalog; path = Assets.xcassets; sourceTree = "<group>"; };
		761F9F8E1F13F8D900883743 /* Base */ = {isa = PBXFileReference; lastKnownFileType = file.storyboard; name = Base; path = Base.lproj/LaunchScreen.storyboard; sourceTree = "<group>"; };
		761F9F901F13F8D900883743 /* Info.plist */ = {isa = PBXFileReference; lastKnownFileType = text.plist.xml; path = Info.plist; sourceTree = "<group>"; };
		A88CF5F1B5AF6315D29206BD /* Pods-playStudiosPrototype.release.xcconfig */ = {isa = PBXFileReference; includeInIndex = 1; lastKnownFileType = text.xcconfig; name = "Pods-playStudiosPrototype.release.xcconfig"; path = "Pods/Target Support Files/Pods-playStudiosPrototype/Pods-playStudiosPrototype.release.xcconfig"; sourceTree = "<group>"; };
		BB18081C94A230D46F4248F4 /* Pods-playStudiosPrototype.debug.xcconfig */ = {isa = PBXFileReference; includeInIndex = 1; lastKnownFileType = text.xcconfig; name = "Pods-playStudiosPrototype.debug.xcconfig"; path = "Pods/Target Support Files/Pods-playStudiosPrototype/Pods-playStudiosPrototype.debug.xcconfig"; sourceTree = "<group>"; };
/* End PBXFileReference section */

/* Begin PBXFrameworksBuildPhase section */
		761F9F7E1F13F8D900883743 /* Frameworks */ = {
			isa = PBXFrameworksBuildPhase;
			buildActionMask = 2147483647;
			files = (
			);
			runOnlyForDeploymentPostprocessing = 0;
		};
/* End PBXFrameworksBuildPhase section */

/* Begin PBXGroup section */
		2881158CBF71A213BC7164EC /* Frameworks */ = {
			isa = PBXGroup;
			children = (
			);
			name = Frameworks;
			sourceTree = "<group>";
		};
		68AA008B889E0FE5BC69125C /* Pods */ = {
			isa = PBXGroup;
			children = (
				BB18081C94A230D46F4248F4 /* Pods-playStudiosPrototype.debug.xcconfig */,
				A88CF5F1B5AF6315D29206BD /* Pods-playStudiosPrototype.release.xcconfig */,
			);
			name = Pods;
			sourceTree = "<group>";
		};
		761F9F781F13F8D900883743 = {
			isa = PBXGroup;
			children = (
				761F9F831F13F8D900883743 /* playStudiosPrototype */,
				761F9F821F13F8D900883743 /* Products */,
				68AA008B889E0FE5BC69125C /* Pods */,
				2881158CBF71A213BC7164EC /* Frameworks */,
			);
			sourceTree = "<group>";
		};
		761F9F821F13F8D900883743 /* Products */ = {
			isa = PBXGroup;
			children = (
				761F9F811F13F8D900883743 /* playStudiosPrototype.app */,
			);
			name = Products;
			sourceTree = "<group>";
		};
		761F9F831F13F8D900883743 /* playStudiosPrototype */ = {
			isa = PBXGroup;
			children = (
				761F9F841F13F8D900883743 /* AppDelegate.swift */,
				761F9F861F13F8D900883743 /* ViewController.swift */,
				761F9F881F13F8D900883743 /* Main.storyboard */,
				761F9F8B1F13F8D900883743 /* Assets.xcassets */,
				761F9F8D1F13F8D900883743 /* LaunchScreen.storyboard */,
				761F9F901F13F8D900883743 /* Info.plist */,
				760D0BCD1F1EA3AC00EFDCEC /* extensions.swift */,
			);
			path = playStudiosPrototype;
			sourceTree = "<group>";
		};
/* End PBXGroup section */

/* Begin PBXNativeTarget section */
		761F9F801F13F8D900883743 /* playStudiosPrototype */ = {
			isa = PBXNativeTarget;
			buildConfigurationList = 761F9F931F13F8D900883743 /* Build configuration list for PBXNativeTarget "playStudiosPrototype" */;
			buildPhases = (
				9A062203C695DA47C9970357 /* [CP] Check Pods Manifest.lock */,
				761F9F7D1F13F8D900883743 /* Sources */,
				761F9F7E1F13F8D900883743 /* Frameworks */,
				761F9F7F1F13F8D900883743 /* Resources */,
				351144B1C30007F7A5B64067 /* [CP] Embed Pods Frameworks */,
				E626B1EEB6E514A6E487832D /* [CP] Copy Pods Resources */,
			);
			buildRules = (
			);
			dependencies = (
			);
			name = playStudiosPrototype;
			productName = playStudiosPrototype;
			productReference = 761F9F811F13F8D900883743 /* playStudiosPrototype.app */;
			productType = "com.apple.product-type.application";
		};
/* End PBXNativeTarget section */

/* Begin PBXProject section */
		761F9F791F13F8D900883743 /* Project object */ = {
			isa = PBXProject;
			attributes = {
				LastSwiftUpdateCheck = 0830;
				LastUpgradeCheck = 0830;
				ORGANIZATIONNAME = "Michael Rawlings";
				TargetAttributes = {
					761F9F801F13F8D900883743 = {
						CreatedOnToolsVersion = 8.3.3;
						ProvisioningStyle = Automatic;
					};
				};
			};
			buildConfigurationList = 761F9F7C1F13F8D900883743 /* Build configuration list for PBXProject "playStudiosPrototype" */;
			compatibilityVersion = "Xcode 3.2";
			developmentRegion = English;
			hasScannedForEncodings = 0;
			knownRegions = (
				en,
				Base,
			);
			mainGroup = 761F9F781F13F8D900883743;
			productRefGroup = 761F9F821F13F8D900883743 /* Products */;
			projectDirPath = "";
			projectRoot = "";
			targets = (
				761F9F801F13F8D900883743 /* playStudiosPrototype */,
			);
		};
/* End PBXProject section */

/* Begin PBXResourcesBuildPhase section */
		761F9F7F1F13F8D900883743 /* Resources */ = {
			isa = PBXResourcesBuildPhase;
			buildActionMask = 2147483647;
			files = (
				761F9F8F1F13F8D900883743 /* LaunchScreen.storyboard in Resources */,
				761F9F8C1F13F8D900883743 /* Assets.xcassets in Resources */,
				761F9F8A1F13F8D900883743 /* Main.storyboard in Resources */,
			);
			runOnlyForDeploymentPostprocessing = 0;
		};
/* End PBXResourcesBuildPhase section */

/* Begin PBXShellScriptBuildPhase section */
		351144B1C30007F7A5B64067 /* [CP] Embed Pods Frameworks */ = {
			isa = PBXShellScriptBuildPhase;
			buildActionMask = 2147483647;
			files = (
			);
			inputPaths = (
			);
			name = "[CP] Embed Pods Frameworks";
			outputPaths = (
			);
			runOnlyForDeploymentPostprocessing = 0;
			shellPath = /bin/sh;
			shellScript = "\"${SRCROOT}/Pods/Target Support Files/Pods-playStudiosPrototype/Pods-playStudiosPrototype-frameworks.sh\"\n";
			showEnvVarsInLog = 0;
		};
		9A062203C695DA47C9970357 /* [CP] Check Pods Manifest.lock */ = {
			isa = PBXShellScriptBuildPhase;
			buildActionMask = 2147483647;
			files = (
			);
			inputPaths = (
			);
			name = "[CP] Check Pods Manifest.lock";
			outputPaths = (
			);
			runOnlyForDeploymentPostprocessing = 0;
			shellPath = /bin/sh;
			shellScript = "diff \"${PODS_PODFILE_DIR_PATH}/Podfile.lock\" \"${PODS_ROOT}/Manifest.lock\" > /dev/null\nif [ $? != 0 ] ; then\n    # print error to STDERR\n    echo \"error: The sandbox is not in sync with the Podfile.lock. Run 'pod install' or update your CocoaPods installation.\" >&2\n    exit 1\nfi\n";
			showEnvVarsInLog = 0;
		};
		E626B1EEB6E514A6E487832D /* [CP] Copy Pods Resources */ = {
			isa = PBXShellScriptBuildPhase;
			buildActionMask = 2147483647;
			files = (
			);
			inputPaths = (
			);
			name = "[CP] Copy Pods Resources";
			outputPaths = (
			);
			runOnlyForDeploymentPostprocessing = 0;
			shellPath = /bin/sh;
			shellScript = "\"${SRCROOT}/Pods/Target Support Files/Pods-playStudiosPrototype/Pods-playStudiosPrototype-resources.sh\"\n";
			showEnvVarsInLog = 0;
		};
/* End PBXShellScriptBuildPhase section */

/* Begin PBXSourcesBuildPhase section */
		761F9F7D1F13F8D900883743 /* Sources */ = {
			isa = PBXSourcesBuildPhase;
			buildActionMask = 2147483647;
			files = (
				761F9F871F13F8D900883743 /* ViewController.swift in Sources */,
				761F9F851F13F8D900883743 /* AppDelegate.swift in Sources */,
				760D0BCE1F1EA3AC00EFDCEC /* extensions.swift in Sources */,
			);
			runOnlyForDeploymentPostprocessing = 0;
		};
/* End PBXSourcesBuildPhase section */

/* Begin PBXVariantGroup section */
		761F9F881F13F8D900883743 /* Main.storyboard */ = {
			isa = PBXVariantGroup;
			children = (
				761F9F891F13F8D900883743 /* Base */,
			);
			name = Main.storyboard;
			sourceTree = "<group>";
		};
		761F9F8D1F13F8D900883743 /* LaunchScreen.storyboard */ = {
			isa = PBXVariantGroup;
			children = (
				761F9F8E1F13F8D900883743 /* Base */,
			);
			name = LaunchScreen.storyboard;
			sourceTree = "<group>";
		};
/* End PBXVariantGroup section */

/* Begin XCBuildConfiguration section */
		761F9F911F13F8D900883743 /* Debug */ = {
			isa = XCBuildConfiguration;
			buildSettings = {
				ALWAYS_SEARCH_USER_PATHS = NO;
				CLANG_ANALYZER_NONNULL = YES;
				CLANG_ANALYZER_NUMBER_OBJECT_CONVERSION = YES_AGGRESSIVE;
				CLANG_CXX_LANGUAGE_STANDARD = "gnu++0x";
				CLANG_CXX_LIBRARY = "libc++";
				CLANG_ENABLE_MODULES = YES;
				CLANG_ENABLE_OBJC_ARC = YES;
				CLANG_WARN_BOOL_CONVERSION = YES;
				CLANG_WARN_CONSTANT_CONVERSION = YES;
				CLANG_WARN_DIRECT_OBJC_ISA_USAGE = YES_ERROR;
				CLANG_WARN_DOCUMENTATION_COMMENTS = YES;
				CLANG_WARN_EMPTY_BODY = YES;
				CLANG_WARN_ENUM_CONVERSION = YES;
				CLANG_WARN_INFINITE_RECURSION = YES;
				CLANG_WARN_INT_CONVERSION = YES;
				CLANG_WARN_OBJC_ROOT_CLASS = YES_ERROR;
				CLANG_WARN_SUSPICIOUS_MOVE = YES;
				CLANG_WARN_UNREACHABLE_CODE = YES;
				CLANG_WARN__DUPLICATE_METHOD_MATCH = YES;
				"CODE_SIGN_IDENTITY[sdk=iphoneos*]" = "iPhone Developer";
				COPY_PHASE_STRIP = NO;
				DEBUG_INFORMATION_FORMAT = dwarf;
				ENABLE_STRICT_OBJC_MSGSEND = YES;
				ENABLE_TESTABILITY = YES;
				GCC_C_LANGUAGE_STANDARD = gnu99;
				GCC_DYNAMIC_NO_PIC = NO;
				GCC_NO_COMMON_BLOCKS = YES;
				GCC_OPTIMIZATION_LEVEL = 0;
				GCC_PREPROCESSOR_DEFINITIONS = (
					"DEBUG=1",
					"$(inherited)",
				);
				GCC_WARN_64_TO_32_BIT_CONVERSION = YES;
				GCC_WARN_ABOUT_RETURN_TYPE = YES_ERROR;
				GCC_WARN_UNDECLARED_SELECTOR = YES;
				GCC_WARN_UNINITIALIZED_AUTOS = YES_AGGRESSIVE;
				GCC_WARN_UNUSED_FUNCTION = YES;
				GCC_WARN_UNUSED_VARIABLE = YES;
				IPHONEOS_DEPLOYMENT_TARGET = 10.3;
				MTL_ENABLE_DEBUG_INFO = YES;
				ONLY_ACTIVE_ARCH = YES;
				SDKROOT = iphoneos;
				SWIFT_ACTIVE_COMPILATION_CONDITIONS = DEBUG;
				SWIFT_OPTIMIZATION_LEVEL = "-Onone";
				TARGETED_DEVICE_FAMILY = "1,2";
			};
			name = Debug;
		};
		761F9F921F13F8D900883743 /* Release */ = {
			isa = XCBuildConfiguration;
			buildSettings = {
				ALWAYS_SEARCH_USER_PATHS = NO;
				CLANG_ANALYZER_NONNULL = YES;
				CLANG_ANALYZER_NUMBER_OBJECT_CONVERSION = YES_AGGRESSIVE;
				CLANG_CXX_LANGUAGE_STANDARD = "gnu++0x";
				CLANG_CXX_LIBRARY = "libc++";
				CLANG_ENABLE_MODULES = YES;
				CLANG_ENABLE_OBJC_ARC = YES;
				CLANG_WARN_BOOL_CONVERSION = YES;
				CLANG_WARN_CONSTANT_CONVERSION = YES;
				CLANG_WARN_DIRECT_OBJC_ISA_USAGE = YES_ERROR;
				CLANG_WARN_DOCUMENTATION_COMMENTS = YES;
				CLANG_WARN_EMPTY_BODY = YES;
				CLANG_WARN_ENUM_CONVERSION = YES;
				CLANG_WARN_INFINITE_RECURSION = YES;
				CLANG_WARN_INT_CONVERSION = YES;
				CLANG_WARN_OBJC_ROOT_CLASS = YES_ERROR;
				CLANG_WARN_SUSPICIOUS_MOVE = YES;
				CLANG_WARN_UNREACHABLE_CODE = YES;
				CLANG_WARN__DUPLICATE_METHOD_MATCH = YES;
				"CODE_SIGN_IDENTITY[sdk=iphoneos*]" = "iPhone Developer";
				COPY_PHASE_STRIP = NO;
				DEBUG_INFORMATION_FORMAT = "dwarf-with-dsym";
				ENABLE_NS_ASSERTIONS = NO;
				ENABLE_STRICT_OBJC_MSGSEND = YES;
				GCC_C_LANGUAGE_STANDARD = gnu99;
				GCC_NO_COMMON_BLOCKS = YES;
				GCC_WARN_64_TO_32_BIT_CONVERSION = YES;
				GCC_WARN_ABOUT_RETURN_TYPE = YES_ERROR;
				GCC_WARN_UNDECLARED_SELECTOR = YES;
				GCC_WARN_UNINITIALIZED_AUTOS = YES_AGGRESSIVE;
				GCC_WARN_UNUSED_FUNCTION = YES;
				GCC_WARN_UNUSED_VARIABLE = YES;
				IPHONEOS_DEPLOYMENT_TARGET = 10.3;
				MTL_ENABLE_DEBUG_INFO = NO;
				SDKROOT = iphoneos;
				SWIFT_OPTIMIZATION_LEVEL = "-Owholemodule";
				TARGETED_DEVICE_FAMILY = "1,2";
				VALIDATE_PRODUCT = YES;
			};
			name = Release;
		};
		761F9F941F13F8D900883743 /* Debug */ = {
			isa = XCBuildConfiguration;
			baseConfigurationReference = BB18081C94A230D46F4248F4 /* Pods-playStudiosPrototype.debug.xcconfig */;
			buildSettings = {
				ASSETCATALOG_COMPILER_APPICON_NAME = AppIcon;
				GCC_PREPROCESSOR_DEFINITIONS = "DEBUG=1";
				INFOPLIST_FILE = playStudiosPrototype/Info.plist;
				LD_RUNPATH_SEARCH_PATHS = "$(inherited) @executable_path/Frameworks";
				OTHER_SWIFT_FLAGS = " -D DEBUG";
				PRODUCT_BUNDLE_IDENTIFIER = com.michaelRawlings.playStudiosPrototype;
				PRODUCT_NAME = "$(TARGET_NAME)";
				SWIFT_VERSION = 3.0;
			};
			name = Debug;
		};
		761F9F951F13F8D900883743 /* Release */ = {
			isa = XCBuildConfiguration;
			baseConfigurationReference = A88CF5F1B5AF6315D29206BD /* Pods-playStudiosPrototype.release.xcconfig */;
			buildSettings = {
				ASSETCATALOG_COMPILER_APPICON_NAME = AppIcon;
				INFOPLIST_FILE = playStudiosPrototype/Info.plist;
				LD_RUNPATH_SEARCH_PATHS = "$(inherited) @executable_path/Frameworks";
				PRODUCT_BUNDLE_IDENTIFIER = com.michaelRawlings.playStudiosPrototype;
				PRODUCT_NAME = "$(TARGET_NAME)";
				SWIFT_VERSION = 3.0;
			};
			name = Release;
		};
/* End XCBuildConfiguration section */

/* Begin XCConfigurationList section */
		761F9F7C1F13F8D900883743 /* Build configuration list for PBXProject "playStudiosPrototype" */ = {
			isa = XCConfigurationList;
			buildConfigurations = (
				761F9F911F13F8D900883743 /* Debug */,
				761F9F921F13F8D900883743 /* Release */,
			);
			defaultConfigurationIsVisible = 0;
			defaultConfigurationName = Release;
		};
		761F9F931F13F8D900883743 /* Build configuration list for PBXNativeTarget "playStudiosPrototype" */ = {
			isa = XCConfigurationList;
			buildConfigurations = (
				761F9F941F13F8D900883743 /* Debug */,
				761F9F951F13F8D900883743 /* Release */,
			);
			defaultConfigurationIsVisible = 0;
			defaultConfigurationName = Release;
		};
/* End XCConfigurationList section */
	};
	rootObject = 761F9F791F13F8D900883743 /* Project object */;
}
